
Microsoft Visual Studio Solution File, Format Version 12.00
# Visual Studio Version 17
VisualStudioVersion = 17.9.34902.65
MinimumVisualStudioVersion = 10.0.40219.1
Project("{FAE04EC0-301F-11D3-BF4B-00C04F79EFBC}") = "Strategy", "Strategy\Strategy.csproj", "{840871DA-E9FF-4B3C-B0A6-315EFCF675B9}"
EndProject
Project("{FAE04EC0-301F-11D3-BF4B-00C04F79EFBC}") = "Strategy.Tests", "Strategy.Tests\Strategy.Tests.csproj", "{947BDB36-33ED-476F-90C0-4116E685A8B8}"
EndProject
Global
	GlobalSection(SolutionConfigurationPlatforms) = preSolution
		Debug|Any CPU = Debug|Any CPU
		Release|Any CPU = Release|Any CPU
	EndGlobalSection
	GlobalSection(ProjectConfigurationPlatforms) = postSolution
		{840871DA-E9FF-4B3C-B0A6-315EFCF675B9}.Debug|Any CPU.ActiveCfg = Debug|Any CPU
		{840871DA-E9FF-4B3C-B0A6-315EFCF675B9}.Debug|Any CPU.Build.0 = Debug|Any CPU
		{840871DA-E9FF-4B3C-B0A6-315EFCF675B9}.Release|Any CPU.ActiveCfg = Release|Any CPU
		{840871DA-E9FF-4B3C-B0A6-315EFCF675B9}.Release|Any CPU.Build.0 = Release|Any CPU
		{947BDB36-33ED-476F-90C0-4116E685A8B8}.Debug|Any CPU.ActiveCfg = Debug|Any CPU
		{947BDB36-33ED-476F-90C0-4116E685A8B8}.Debug|Any CPU.Build.0 = Debug|Any CPU
		{947BDB36-33ED-476F-90C0-4116E685A8B8}.Release|Any CPU.ActiveCfg = Release|Any CPU
		{947BDB36-33ED-476F-90C0-4116E685A8B8}.Release|Any CPU.Build.0 = Release|Any CPU
	EndGlobalSection
	GlobalSection(SolutionProperties) = preSolution
		HideSolutionNode = FALSE
	EndGlobalSection
	GlobalSection(ExtensibilityGlobals) = postSolution
		SolutionGuid = {A0510B5D-1926-4135-9348-109C5826376C}
	EndGlobalSection
EndGlobal
